
Microsoft Visual Studio Solution File, Format Version 11.00
# Visual Studio 2010
Project("{FAE04EC0-301F-11D3-BF4B-00C04F79EFBC}") = "Tests", "Tests\Tests.csproj", "{DDE777FA-EFDC-4BB4-B175-A9A53371552A}"
EndProject
Project("{2150E333-8FDC-42A3-9474-1A3956D46DE8}") = "Solution Items", "Solution Items", "{ABE420F7-3719-414D-AC61-440DADA010FD}"
	ProjectSection(SolutionItems) = preProject
		Local.testsettings = Local.testsettings
		TestingInSP2010.vsmdi = TestingInSP2010.vsmdi
		TraceAndTestImpact.testsettings = TraceAndTestImpact.testsettings
	EndProjectSection
EndProject
Project("{FAE04EC0-301F-11D3-BF4B-00C04F79EFBC}") = "SecureLibrary", "SecureLibrary\SecureLibrary.csproj", "{7E7BFF5E-2889-4FA8-9E5E-EFC3A594DC9A}"
EndProject
Project("{FAE04EC0-301F-11D3-BF4B-00C04F79EFBC}") = "SharePoint.Library", "SharePoint.Library\SharePoint.Library.csproj", "{D70094CD-156E-4FE4-85E8-9617681CEFFF}"
EndProject
Project("{FAE04EC0-301F-11D3-BF4B-00C04F79EFBC}") = "SharePoint.Library.Tests", "SharePoint.Library.Tests\SharePoint.Library.Tests.csproj", "{ABDB3F9A-027B-408B-B59D-0E8B875E83EA}"
EndProject
Global
	GlobalSection(TestCaseManagementSettings) = postSolution
		CategoryFile = TestingInSP2010.vsmdi
	EndGlobalSection
	GlobalSection(SolutionConfigurationPlatforms) = preSolution
		Debug|Any CPU = Debug|Any CPU
		Release|Any CPU = Release|Any CPU
	EndGlobalSection
	GlobalSection(ProjectConfigurationPlatforms) = postSolution
		{DDE777FA-EFDC-4BB4-B175-A9A53371552A}.Debug|Any CPU.ActiveCfg = Debug|Any CPU
		{DDE777FA-EFDC-4BB4-B175-A9A53371552A}.Debug|Any CPU.Build.0 = Debug|Any CPU
		{DDE777FA-EFDC-4BB4-B175-A9A53371552A}.Release|Any CPU.ActiveCfg = Release|Any CPU
		{DDE777FA-EFDC-4BB4-B175-A9A53371552A}.Release|Any CPU.Build.0 = Release|Any CPU
		{7E7BFF5E-2889-4FA8-9E5E-EFC3A594DC9A}.Debug|Any CPU.ActiveCfg = Debug|Any CPU
		{7E7BFF5E-2889-4FA8-9E5E-EFC3A594DC9A}.Debug|Any CPU.Build.0 = Debug|Any CPU
		{7E7BFF5E-2889-4FA8-9E5E-EFC3A594DC9A}.Release|Any CPU.ActiveCfg = Release|Any CPU
		{7E7BFF5E-2889-4FA8-9E5E-EFC3A594DC9A}.Release|Any CPU.Build.0 = Release|Any CPU
		{D70094CD-156E-4FE4-85E8-9617681CEFFF}.Debug|Any CPU.ActiveCfg = Debug|Any CPU
		{D70094CD-156E-4FE4-85E8-9617681CEFFF}.Debug|Any CPU.Build.0 = Debug|Any CPU
		{D70094CD-156E-4FE4-85E8-9617681CEFFF}.Debug|Any CPU.Deploy.0 = Debug|Any CPU
		{D70094CD-156E-4FE4-85E8-9617681CEFFF}.Release|Any CPU.ActiveCfg = Release|Any CPU
		{D70094CD-156E-4FE4-85E8-9617681CEFFF}.Release|Any CPU.Build.0 = Release|Any CPU
		{D70094CD-156E-4FE4-85E8-9617681CEFFF}.Release|Any CPU.Deploy.0 = Release|Any CPU
		{ABDB3F9A-027B-408B-B59D-0E8B875E83EA}.Debug|Any CPU.ActiveCfg = Debug|Any CPU
		{ABDB3F9A-027B-408B-B59D-0E8B875E83EA}.Debug|Any CPU.Build.0 = Debug|Any CPU
		{ABDB3F9A-027B-408B-B59D-0E8B875E83EA}.Release|Any CPU.ActiveCfg = Release|Any CPU
		{ABDB3F9A-027B-408B-B59D-0E8B875E83EA}.Release|Any CPU.Build.0 = Release|Any CPU
	EndGlobalSection
	GlobalSection(SolutionProperties) = preSolution
		HideSolutionNode = FALSE
	EndGlobalSection
EndGlobal
